
Microsoft Visual Studio Solution File, Format Version 12.00
# Visual Studio 15
VisualStudioVersion = 15.0.27130.2010
MinimumVisualStudioVersion = 10.0.40219.1
Project("{2150E333-8FDC-42A3-9474-1A3956D46DE8}") = "src", "src", "{4EFB9554-E95A-4790-9FB8-931F353D6CC0}"
EndProject
Project("{2150E333-8FDC-42A3-9474-1A3956D46DE8}") = "test", "test", "{07B16E78-63F8-4F4B-B38C-519E32182E23}"
EndProject
Project("{9A19103F-16F7-4668-BE54-9A1E7A4F7556}") = "MyBlog", "src\MyBlog\MyBlog.csproj", "{63AB199F-B84E-4D40-8B89-EAD46BD56323}"
EndProject
Project("{9A19103F-16F7-4668-BE54-9A1E7A4F7556}") = "MyBlog.Tests", "test\MyBlog.Tests\MyBlog.Tests.csproj", "{3B40EABB-CD68-43F5-ADB6-5271B228B857}"
EndProject
Project("{2150E333-8FDC-42A3-9474-1A3956D46DE8}") = "Solution Items", "Solution Items", "{68D844A4-41DE-4798-B385-DD584CF4DE67}"
	ProjectSection(SolutionItems) = preProject
		.editorconfig = .editorconfig
	EndProjectSection
EndProject
Global
	GlobalSection(SolutionConfigurationPlatforms) = preSolution
		Debug|Any CPU = Debug|Any CPU
		Release|Any CPU = Release|Any CPU
	EndGlobalSection
	GlobalSection(ProjectConfigurationPlatforms) = postSolution
		{63AB199F-B84E-4D40-8B89-EAD46BD56323}.Debug|Any CPU.ActiveCfg = Debug|Any CPU
		{63AB199F-B84E-4D40-8B89-EAD46BD56323}.Debug|Any CPU.Build.0 = Debug|Any CPU
		{63AB199F-B84E-4D40-8B89-EAD46BD56323}.Release|Any CPU.ActiveCfg = Release|Any CPU
		{63AB199F-B84E-4D40-8B89-EAD46BD56323}.Release|Any CPU.Build.0 = Release|Any CPU
		{3B40EABB-CD68-43F5-ADB6-5271B228B857}.Debug|Any CPU.ActiveCfg = Debug|Any CPU
		{3B40EABB-CD68-43F5-ADB6-5271B228B857}.Debug|Any CPU.Build.0 = Debug|Any CPU
		{3B40EABB-CD68-43F5-ADB6-5271B228B857}.Release|Any CPU.ActiveCfg = Release|Any CPU
		{3B40EABB-CD68-43F5-ADB6-5271B228B857}.Release|Any CPU.Build.0 = Release|Any CPU
	EndGlobalSection
	GlobalSection(SolutionProperties) = preSolution
		HideSolutionNode = FALSE
	EndGlobalSection
	GlobalSection(NestedProjects) = preSolution
		{63AB199F-B84E-4D40-8B89-EAD46BD56323} = {4EFB9554-E95A-4790-9FB8-931F353D6CC0}
		{3B40EABB-CD68-43F5-ADB6-5271B228B857} = {07B16E78-63F8-4F4B-B38C-519E32182E23}
	EndGlobalSection
	GlobalSection(ExtensibilityGlobals) = postSolution
		SolutionGuid = {CF1D8EB7-5CE8-4DAE-A2AE-992790DC0D35}
	EndGlobalSection
	GlobalSection(Performance) = preSolution
		HasPerformanceSessions = true
	EndGlobalSection
	GlobalSection(Performance) = preSolution
		HasPerformanceSessions = true
	EndGlobalSection
EndGlobal
